{
  "name": "gotchipus-core",
  "lockfileVersion": 3,
  "requires": true,
  "packages": {
    "": {
      "dependencies": {
        "@gotchipus/sdk": "^1.0.1"
      }
    },
    "node_modules/@gotchipus/sdk": {
      "version": "1.0.1",
      "resolved": "https://registry.npmjs.org/@gotchipus/sdk/-/sdk-1.0.0.tgz",
      "integrity": "sha512-CMzY09aD1K6hoX0NfwxKD5OGIPlV1XdgyQmrp0FReoUvRkBywx2zBTJIXCEznY8Nd1x5S4EWYTQY6XROmFlxGA==",
      "license": "MIT",
      "engines": {
        "node": ">=18.0.0"
      },
      "peerDependencies": {
        "@openzeppelin/contracts": "^5.1.0"
      },
      "peerDependenciesMeta": {
        "@openzeppelin/contracts": {
          "optional": true
        }
      }
    }
  }
}
